
Microsoft Visual Studio Solution File, Format Version 12.00
# Visual Studio 15
VisualStudioVersion = 15.0.28010.2016
MinimumVisualStudioVersion = 10.0.40219.1
Project("{FAE04EC0-301F-11D3-BF4B-00C04F79EFBC}") = "RestCustomerConsumer", "RestCustomerConsumer\RestCustomerConsumer.csproj", "{B4423238-6E41-432D-8EA5-28908F1B3C99}"
EndProject
Global
	GlobalSection(SolutionConfigurationPlatforms) = preSolution
		Debug|Any CPU = Debug|Any CPU
		Release|Any CPU = Release|Any CPU
	EndGlobalSection
	GlobalSection(ProjectConfigurationPlatforms) = postSolution
		{B4423238-6E41-432D-8EA5-28908F1B3C99}.Debug|Any CPU.ActiveCfg = Debug|Any CPU
		{B4423238-6E41-432D-8EA5-28908F1B3C99}.Debug|Any CPU.Build.0 = Debug|Any CPU
		{B4423238-6E41-432D-8EA5-28908F1B3C99}.Release|Any CPU.ActiveCfg = Release|Any CPU
		{B4423238-6E41-432D-8EA5-28908F1B3C99}.Release|Any CPU.Build.0 = Release|Any CPU
	EndGlobalSection
	GlobalSection(SolutionProperties) = preSolution
		HideSolutionNode = FALSE
	EndGlobalSection
	GlobalSection(ExtensibilityGlobals) = postSolution
		SolutionGuid = {E511E7A8-1B01-4C2D-BAC2-0831B2DC9D5A}
	EndGlobalSection
EndGlobal
